// !$*UTF8*$!
{
	archiveVersion = 1;
	classes = {
	};
	objectVersion = 46;
	objects = {

/* Begin PBXBuildFile section */
		0433E62D15A23ED100328501 /* main.cpp in Sources */ = {isa = PBXBuildFile; fileRef = 0433E62C15A23ED100328501 /* main.cpp */; };
		04A8039915A8DA66008BC474 /* TestGraphicsView.cpp in Sources */ = {isa = PBXBuildFile; fileRef = 04A8039815A8DA66008BC474 /* TestGraphicsView.cpp */; };
		04B2516D15AA321800B4C821 /* QtGui.framework in Frameworks */ = {isa = PBXBuildFile; fileRef = 04B2516C15AA321800B4C821 /* QtGui.framework */; };
		04B2516F15AA321F00B4C821 /* QtCore.framework in Frameworks */ = {isa = PBXBuildFile; fileRef = 04B2516E15AA321F00B4C821 /* QtCore.framework */; };
		04B2517115AA33F700B4C821 /* QtWidgets.framework in Frameworks */ = {isa = PBXBuildFile; fileRef = 04B2517015AA33F700B4C821 /* QtWidgets.framework */; };
/* End PBXBuildFile section */

/* Begin PBXCopyFilesBuildPhase section */
		0433E62615A23ED100328501 /* CopyFiles */ = {
			isa = PBXCopyFilesBuildPhase;
			buildActionMask = 2147483647;
			dstPath = /usr/share/man/man1/;
			dstSubfolderSpec = 0;
			files = (
			);
			runOnlyForDeploymentPostprocessing = 1;
		};
/* End PBXCopyFilesBuildPhase section */

/* Begin PBXFileReference section */
		0433E62815A23ED100328501 /* testQT */ = {isa = PBXFileReference; explicitFileType = "compiled.mach-o.executable"; includeInIndex = 0; path = testQT; sourceTree = BUILT_PRODUCTS_DIR; };
		0433E62C15A23ED100328501 /* main.cpp */ = {isa = PBXFileReference; lastKnownFileType = sourcecode.cpp.cpp; path = main.cpp; sourceTree = "<group>"; };
		04A8039715A8DA55008BC474 /* TestGraphicsView.h */ = {isa = PBXFileReference; lastKnownFileType = sourcecode.c.h; path = TestGraphicsView.h; sourceTree = "<group>"; };
		04A8039815A8DA66008BC474 /* TestGraphicsView.cpp */ = {isa = PBXFileReference; fileEncoding = 4; lastKnownFileType = sourcecode.cpp.cpp; path = TestGraphicsView.cpp; sourceTree = "<group>"; };
		04B2516C15AA321800B4C821 /* QtGui.framework */ = {isa = PBXFileReference; lastKnownFileType = wrapper.framework; name = QtGui.framework; path = "/usr/local/Qt-5.0.0/lib/QtGui.framework"; sourceTree = "<absolute>"; };
		04B2516E15AA321F00B4C821 /* QtCore.framework */ = {isa = PBXFileReference; lastKnownFileType = wrapper.framework; name = QtCore.framework; path = "/usr/local/Qt-5.0.0/lib/QtCore.framework"; sourceTree = "<absolute>"; };
		04B2517015AA33F700B4C821 /* QtWidgets.framework */ = {isa = PBXFileReference; lastKnownFileType = wrapper.framework; name = QtWidgets.framework; path = "/usr/local/Qt-5.0.0/lib/QtWidgets.framework"; sourceTree = "<absolute>"; };
/* End PBXFileReference section */

/* Begin PBXFrameworksBuildPhase section */
		0433E62515A23ED100328501 /* Frameworks */ = {
			isa = PBXFrameworksBuildPhase;
			buildActionMask = 2147483647;
			files = (
				04B2517115AA33F700B4C821 /* QtWidgets.framework in Frameworks */,
				04B2516F15AA321F00B4C821 /* QtCore.framework in Frameworks */,
				04B2516D15AA321800B4C821 /* QtGui.framework in Frameworks */,
			);
			runOnlyForDeploymentPostprocessing = 0;
		};
/* End PBXFrameworksBuildPhase section */

/* Begin PBXGroup section */
		0433E61D15A23ED100328501 = {
			isa = PBXGroup;
			children = (
				0433E63715A23F2F00328501 /* Frameworks */,
				0433E62B15A23ED100328501 /* testQT */,
				0433E62915A23ED100328501 /* Products */,
			);
			sourceTree = "<group>";
		};
		0433E62915A23ED100328501 /* Products */ = {
			isa = PBXGroup;
			children = (
				0433E62815A23ED100328501 /* testQT */,
			);
			name = Products;
			sourceTree = "<group>";
		};
		0433E62B15A23ED100328501 /* testQT */ = {
			isa = PBXGroup;
			children = (
				0433E62C15A23ED100328501 /* main.cpp */,
				04A8039715A8DA55008BC474 /* TestGraphicsView.h */,
				04A8039815A8DA66008BC474 /* TestGraphicsView.cpp */,
			);
			path = testQT;
			sourceTree = "<group>";
		};
		0433E63715A23F2F00328501 /* Frameworks */ = {
			isa = PBXGroup;
			children = (
				04B2517015AA33F700B4C821 /* QtWidgets.framework */,
				04B2516E15AA321F00B4C821 /* QtCore.framework */,
				04B2516C15AA321800B4C821 /* QtGui.framework */,
			);
			name = Frameworks;
			sourceTree = "<group>";
		};
/* End PBXGroup section */

/* Begin PBXNativeTarget section */
		0433E62715A23ED100328501 /* testQT */ = {
			isa = PBXNativeTarget;
			buildConfigurationList = 0433E63215A23ED100328501 /* Build configuration list for PBXNativeTarget "testQT" */;
			buildPhases = (
				0433E62415A23ED100328501 /* Sources */,
				0433E62515A23ED100328501 /* Frameworks */,
				0433E62615A23ED100328501 /* CopyFiles */,
			);
			buildRules = (
			);
			dependencies = (
			);
			name = testQT;
			productName = testQT;
			productReference = 0433E62815A23ED100328501 /* testQT */;
			productType = "com.apple.product-type.tool";
		};
/* End PBXNativeTarget section */

/* Begin PBXProject section */
		0433E61F15A23ED100328501 /* Project object */ = {
			isa = PBXProject;
			attributes = {
				LastUpgradeCheck = 0430;
			};
			buildConfigurationList = 0433E62215A23ED100328501 /* Build configuration list for PBXProject "testQT" */;
			compatibilityVersion = "Xcode 3.2";
			developmentRegion = English;
			hasScannedForEncodings = 0;
			knownRegions = (
				en,
			);
			mainGroup = 0433E61D15A23ED100328501;
			productRefGroup = 0433E62915A23ED100328501 /* Products */;
			projectDirPath = "";
			projectRoot = "";
			targets = (
				0433E62715A23ED100328501 /* testQT */,
			);
		};
/* End PBXProject section */

/* Begin PBXSourcesBuildPhase section */
		0433E62415A23ED100328501 /* Sources */ = {
			isa = PBXSourcesBuildPhase;
			buildActionMask = 2147483647;
			files = (
				0433E62D15A23ED100328501 /* main.cpp in Sources */,
				04A8039915A8DA66008BC474 /* TestGraphicsView.cpp in Sources */,
			);
			runOnlyForDeploymentPostprocessing = 0;
		};
/* End PBXSourcesBuildPhase section */

/* Begin XCBuildConfiguration section */
		0433E63015A23ED100328501 /* Debug */ = {
			isa = XCBuildConfiguration;
			buildSettings = {
				ALWAYS_SEARCH_USER_PATHS = NO;
				ARCHS = "$(ARCHS_STANDARD_64_BIT)";
				COPY_PHASE_STRIP = NO;
				GCC_C_LANGUAGE_STANDARD = gnu99;
				GCC_DYNAMIC_NO_PIC = NO;
				GCC_ENABLE_OBJC_EXCEPTIONS = YES;
				GCC_OPTIMIZATION_LEVEL = 0;
				GCC_PREPROCESSOR_DEFINITIONS = (
					"DEBUG=1",
					"$(inherited)",
				);
				GCC_SYMBOLS_PRIVATE_EXTERN = NO;
				GCC_VERSION = com.apple.compilers.llvm.clang.1_0;
				GCC_WARN_64_TO_32_BIT_CONVERSION = YES;
				GCC_WARN_ABOUT_RETURN_TYPE = YES;
				GCC_WARN_UNINITIALIZED_AUTOS = YES;
				GCC_WARN_UNUSED_VARIABLE = YES;
				MACOSX_DEPLOYMENT_TARGET = 10.7;
				ONLY_ACTIVE_ARCH = YES;
				SDKROOT = macosx;
			};
			name = Debug;
		};
		0433E63115A23ED100328501 /* Release */ = {
			isa = XCBuildConfiguration;
			buildSettings = {
				ALWAYS_SEARCH_USER_PATHS = NO;
				ARCHS = "$(ARCHS_STANDARD_64_BIT)";
				COPY_PHASE_STRIP = YES;
				DEBUG_INFORMATION_FORMAT = "dwarf-with-dsym";
				GCC_C_LANGUAGE_STANDARD = gnu99;
				GCC_ENABLE_OBJC_EXCEPTIONS = YES;
				GCC_VERSION = com.apple.compilers.llvm.clang.1_0;
				GCC_WARN_64_TO_32_BIT_CONVERSION = YES;
				GCC_WARN_ABOUT_RETURN_TYPE = YES;
				GCC_WARN_UNINITIALIZED_AUTOS = YES;
				GCC_WARN_UNUSED_VARIABLE = YES;
				MACOSX_DEPLOYMENT_TARGET = 10.7;
				SDKROOT = macosx;
			};
			name = Release;
		};
		0433E63315A23ED100328501 /* Debug */ = {
			isa = XCBuildConfiguration;
			buildSettings = {
				ALWAYS_SEARCH_USER_PATHS = YES;
				CLANG_CXX_LIBRARY = "libstdc++";
				FRAMEWORK_SEARCH_PATHS = "/usr/local/Qt-5.0.0/lib";
				GCC_VERSION = com.apple.compilers.llvmgcc42;
				GCC_WARN_64_TO_32_BIT_CONVERSION = NO;
				GCC_WARN_UNINITIALIZED_AUTOS = NO;
				HEADER_SEARCH_PATHS = (
					"$(FRAMEWORK_SEARCH_PATHS)/QtCore.framework/Headers",
					"$(FRAMEWORK_SEARCH_PATHS)/QtGui.framework/Headers",
					"$(FRAMEWORK_SEARCH_PATHS)/QtWidgets.framework/Headers",
					/Library/Frameworkds/QtWebKit.framework/Headers,
				);
				LIBRARY_SEARCH_PATHS = /Library/Frameworks;
				OTHER_CFLAGS = (
					"-DQT_GUI_LIB",
					"-DQT_SHARED",
					"-DQT_CORE_LIB",
				);
				PRODUCT_NAME = "$(TARGET_NAME)";
				USER_HEADER_SEARCH_PATHS = "$(HEADER_SEARCH_PATHS)";
			};
			name = Debug;
		};
		0433E63415A23ED100328501 /* Release */ = {
			isa = XCBuildConfiguration;
			buildSettings = {
				ALWAYS_SEARCH_USER_PATHS = YES;
				CLANG_CXX_LIBRARY = "libstdc++";
				FRAMEWORK_SEARCH_PATHS = "/usr/local/Qt-5.0.0/lib";
				GCC_VERSION = com.apple.compilers.llvmgcc42;
				GCC_WARN_64_TO_32_BIT_CONVERSION = NO;
				GCC_WARN_UNINITIALIZED_AUTOS = YES;
				HEADER_SEARCH_PATHS = (
					/Library/Frameworks/QtGui.framework/Versions/4/Headers,
					/Library/Frameworks/QtCore.framework/Versions/4/Headers,
					/Library/Frameworkds/QtWebKit.framework/Versions/4/Headers,
				);
				LIBRARY_SEARCH_PATHS = /Library/Frameworks;
				OTHER_CFLAGS = (
					"-DQT_GUI_LIB",
					"-DQT_SHARED",
					"-DQT_CORE_LIB",
				);
				PRODUCT_NAME = "$(TARGET_NAME)";
				USER_HEADER_SEARCH_PATHS = "$(HEADER_SEARCH_PATHS)";
			};
			name = Release;
		};
/* End XCBuildConfiguration section */

/* Begin XCConfigurationList section */
		0433E62215A23ED100328501 /* Build configuration list for PBXProject "testQT" */ = {
			isa = XCConfigurationList;
			buildConfigurations = (
				0433E63015A23ED100328501 /* Debug */,
				0433E63115A23ED100328501 /* Release */,
			);
			defaultConfigurationIsVisible = 0;
			defaultConfigurationName = Release;
		};
		0433E63215A23ED100328501 /* Build configuration list for PBXNativeTarget "testQT" */ = {
			isa = XCConfigurationList;
			buildConfigurations = (
				0433E63315A23ED100328501 /* Debug */,
				0433E63415A23ED100328501 /* Release */,
			);
			defaultConfigurationIsVisible = 0;
			defaultConfigurationName = Release;
		};
/* End XCConfigurationList section */
	};
	rootObject = 0433E61F15A23ED100328501 /* Project object */;
}
