// !$*UTF8*$!
{
	archiveVersion = 1;
	classes = {
	};
	objectVersion = 46;
	objects = {

/* Begin PBXBuildFile section */
		0433E69915A870C500328501 /* UIKit.framework in Frameworks */ = {isa = PBXBuildFile; fileRef = 0433E69815A870C500328501 /* UIKit.framework */; };
		0433E69B15A870C500328501 /* Foundation.framework in Frameworks */ = {isa = PBXBuildFile; fileRef = 0433E69A15A870C500328501 /* Foundation.framework */; };
		0433E69D15A870C500328501 /* CoreGraphics.framework in Frameworks */ = {isa = PBXBuildFile; fileRef = 0433E69C15A870C500328501 /* CoreGraphics.framework */; };
		0433E6A315A870C500328501 /* InfoPlist.strings in Resources */ = {isa = PBXBuildFile; fileRef = 0433E6A115A870C500328501 /* InfoPlist.strings */; };
		0433E6A515A870C500328501 /* main.m in Sources */ = {isa = PBXBuildFile; fileRef = 0433E6A415A870C500328501 /* main.m */; };
		0433E6A915A870C500328501 /* AppDelegate.m in Sources */ = {isa = PBXBuildFile; fileRef = 0433E6A815A870C500328501 /* AppDelegate.m */; };
		0433E6AC15A870C500328501 /* ViewController.m in Sources */ = {isa = PBXBuildFile; fileRef = 0433E6AB15A870C500328501 /* ViewController.m */; };
		04DF934315B4B2F5007DADA6 /* ViewController_iPad.xib in Resources */ = {isa = PBXBuildFile; fileRef = 04DF934115B4B2F5007DADA6 /* ViewController_iPad.xib */; };
		04DF934415B4B2F5007DADA6 /* ViewController_iPhone.xib in Resources */ = {isa = PBXBuildFile; fileRef = 04DF934215B4B2F5007DADA6 /* ViewController_iPhone.xib */; };
		04DF934615B4B3B3007DADA6 /* assets in Resources */ = {isa = PBXBuildFile; fileRef = 04DF934515B4B3B3007DADA6 /* assets */; };
		04DF934815B4B571007DADA6 /* WebViewController.xib in Resources */ = {isa = PBXBuildFile; fileRef = 04DF934715B4B571007DADA6 /* WebViewController.xib */; };
		04DF934B15B4B591007DADA6 /* WebViewController.m in Sources */ = {isa = PBXBuildFile; fileRef = 04DF934A15B4B591007DADA6 /* WebViewController.m */; };
		04DF934F15B4B7E5007DADA6 /* NativeViewController.m in Sources */ = {isa = PBXBuildFile; fileRef = 04DF934D15B4B7E5007DADA6 /* NativeViewController.m */; };
		04DF935215B4B8B3007DADA6 /* NativeViewController.xib in Resources */ = {isa = PBXBuildFile; fileRef = 04DF935115B4B8B3007DADA6 /* NativeViewController.xib */; };
		04DF935415B4BA80007DADA6 /* artwork in Resources */ = {isa = PBXBuildFile; fileRef = 04DF935315B4BA80007DADA6 /* artwork */; };
		04DF935715B4BB88007DADA6 /* background.png in Resources */ = {isa = PBXBuildFile; fileRef = 04DF935515B4BB88007DADA6 /* background.png */; };
		04DF935815B4BB88007DADA6 /* brian.png in Resources */ = {isa = PBXBuildFile; fileRef = 04DF935615B4BB88007DADA6 /* brian.png */; };
/* End PBXBuildFile section */

/* Begin PBXFileReference section */
		0433E69415A870C500328501 /* bina.app */ = {isa = PBXFileReference; explicitFileType = wrapper.application; includeInIndex = 0; path = bina.app; sourceTree = BUILT_PRODUCTS_DIR; };
		0433E69815A870C500328501 /* UIKit.framework */ = {isa = PBXFileReference; lastKnownFileType = wrapper.framework; name = UIKit.framework; path = System/Library/Frameworks/UIKit.framework; sourceTree = SDKROOT; };
		0433E69A15A870C500328501 /* Foundation.framework */ = {isa = PBXFileReference; lastKnownFileType = wrapper.framework; name = Foundation.framework; path = System/Library/Frameworks/Foundation.framework; sourceTree = SDKROOT; };
		0433E69C15A870C500328501 /* CoreGraphics.framework */ = {isa = PBXFileReference; lastKnownFileType = wrapper.framework; name = CoreGraphics.framework; path = System/Library/Frameworks/CoreGraphics.framework; sourceTree = SDKROOT; };
		0433E6A015A870C500328501 /* bina-Info.plist */ = {isa = PBXFileReference; lastKnownFileType = text.plist.xml; path = "bina-Info.plist"; sourceTree = "<group>"; };
		0433E6A215A870C500328501 /* en */ = {isa = PBXFileReference; lastKnownFileType = text.plist.strings; name = en; path = en.lproj/InfoPlist.strings; sourceTree = "<group>"; };
		0433E6A415A870C500328501 /* main.m */ = {isa = PBXFileReference; lastKnownFileType = sourcecode.c.objc; path = main.m; sourceTree = "<group>"; };
		0433E6A615A870C500328501 /* bina-Prefix.pch */ = {isa = PBXFileReference; lastKnownFileType = sourcecode.c.h; path = "bina-Prefix.pch"; sourceTree = "<group>"; };
		0433E6A715A870C500328501 /* AppDelegate.h */ = {isa = PBXFileReference; lastKnownFileType = sourcecode.c.h; path = AppDelegate.h; sourceTree = "<group>"; };
		0433E6A815A870C500328501 /* AppDelegate.m */ = {isa = PBXFileReference; lastKnownFileType = sourcecode.c.objc; path = AppDelegate.m; sourceTree = "<group>"; };
		0433E6AA15A870C500328501 /* ViewController.h */ = {isa = PBXFileReference; lastKnownFileType = sourcecode.c.h; path = ViewController.h; sourceTree = "<group>"; };
		0433E6AB15A870C500328501 /* ViewController.m */ = {isa = PBXFileReference; lastKnownFileType = sourcecode.c.objc; path = ViewController.m; sourceTree = "<group>"; };
		04DF934115B4B2F5007DADA6 /* ViewController_iPad.xib */ = {isa = PBXFileReference; fileEncoding = 4; lastKnownFileType = file.xib; path = ViewController_iPad.xib; sourceTree = "<group>"; };
		04DF934215B4B2F5007DADA6 /* ViewController_iPhone.xib */ = {isa = PBXFileReference; fileEncoding = 4; lastKnownFileType = file.xib; path = ViewController_iPhone.xib; sourceTree = "<group>"; };
		04DF934515B4B3B3007DADA6 /* assets */ = {isa = PBXFileReference; lastKnownFileType = folder; name = assets; path = ../../android/assets; sourceTree = "<group>"; };
		04DF934715B4B571007DADA6 /* WebViewController.xib */ = {isa = PBXFileReference; fileEncoding = 4; lastKnownFileType = file.xib; path = WebViewController.xib; sourceTree = "<group>"; };
		04DF934915B4B591007DADA6 /* WebViewController.h */ = {isa = PBXFileReference; fileEncoding = 4; lastKnownFileType = sourcecode.c.h; path = WebViewController.h; sourceTree = "<group>"; };
		04DF934A15B4B591007DADA6 /* WebViewController.m */ = {isa = PBXFileReference; fileEncoding = 4; lastKnownFileType = sourcecode.c.objc; path = WebViewController.m; sourceTree = "<group>"; };
		04DF934C15B4B7E5007DADA6 /* NativeViewController.h */ = {isa = PBXFileReference; fileEncoding = 4; lastKnownFileType = sourcecode.c.h; path = NativeViewController.h; sourceTree = "<group>"; };
		04DF934D15B4B7E5007DADA6 /* NativeViewController.m */ = {isa = PBXFileReference; fileEncoding = 4; lastKnownFileType = sourcecode.c.objc; path = NativeViewController.m; sourceTree = "<group>"; };
		04DF935115B4B8B3007DADA6 /* NativeViewController.xib */ = {isa = PBXFileReference; fileEncoding = 4; lastKnownFileType = file.xib; path = NativeViewController.xib; sourceTree = "<group>"; };
		04DF935315B4BA80007DADA6 /* artwork */ = {isa = PBXFileReference; lastKnownFileType = folder; name = artwork; path = ../../../artwork; sourceTree = "<group>"; };
		04DF935515B4BB88007DADA6 /* background.png */ = {isa = PBXFileReference; lastKnownFileType = image.png; name = background.png; path = ../../../artwork/background.png; sourceTree = "<group>"; };
		04DF935615B4BB88007DADA6 /* brian.png */ = {isa = PBXFileReference; lastKnownFileType = image.png; name = brian.png; path = ../../../artwork/brian.png; sourceTree = "<group>"; };
/* End PBXFileReference section */

/* Begin PBXFrameworksBuildPhase section */
		0433E69115A870C500328501 /* Frameworks */ = {
			isa = PBXFrameworksBuildPhase;
			buildActionMask = 2147483647;
			files = (
				0433E69915A870C500328501 /* UIKit.framework in Frameworks */,
				0433E69B15A870C500328501 /* Foundation.framework in Frameworks */,
				0433E69D15A870C500328501 /* CoreGraphics.framework in Frameworks */,
			);
			runOnlyForDeploymentPostprocessing = 0;
		};
/* End PBXFrameworksBuildPhase section */

/* Begin PBXGroup section */
		0433E68915A870C500328501 = {
			isa = PBXGroup;
			children = (
				04DF935515B4BB88007DADA6 /* background.png */,
				04DF935615B4BB88007DADA6 /* brian.png */,
				04DF935315B4BA80007DADA6 /* artwork */,
				04DF934515B4B3B3007DADA6 /* assets */,
				0433E69E15A870C500328501 /* bina */,
				0433E69715A870C500328501 /* Frameworks */,
				0433E69515A870C500328501 /* Products */,
			);
			sourceTree = "<group>";
		};
		0433E69515A870C500328501 /* Products */ = {
			isa = PBXGroup;
			children = (
				0433E69415A870C500328501 /* bina.app */,
			);
			name = Products;
			sourceTree = "<group>";
		};
		0433E69715A870C500328501 /* Frameworks */ = {
			isa = PBXGroup;
			children = (
				0433E69815A870C500328501 /* UIKit.framework */,
				0433E69A15A870C500328501 /* Foundation.framework */,
				0433E69C15A870C500328501 /* CoreGraphics.framework */,
			);
			name = Frameworks;
			sourceTree = "<group>";
		};
		0433E69E15A870C500328501 /* bina */ = {
			isa = PBXGroup;
			children = (
				0433E6A715A870C500328501 /* AppDelegate.h */,
				0433E6A815A870C500328501 /* AppDelegate.m */,
				0433E6AA15A870C500328501 /* ViewController.h */,
				0433E6AB15A870C500328501 /* ViewController.m */,
				04DF934915B4B591007DADA6 /* WebViewController.h */,
				04DF934A15B4B591007DADA6 /* WebViewController.m */,
				04DF934C15B4B7E5007DADA6 /* NativeViewController.h */,
				04DF934D15B4B7E5007DADA6 /* NativeViewController.m */,
				04DF934015B4B2F5007DADA6 /* XIB */,
				0433E69F15A870C500328501 /* Supporting Files */,
			);
			path = bina;
			sourceTree = "<group>";
		};
		0433E69F15A870C500328501 /* Supporting Files */ = {
			isa = PBXGroup;
			children = (
				0433E6A015A870C500328501 /* bina-Info.plist */,
				0433E6A115A870C500328501 /* InfoPlist.strings */,
				0433E6A415A870C500328501 /* main.m */,
				0433E6A615A870C500328501 /* bina-Prefix.pch */,
			);
			name = "Supporting Files";
			sourceTree = "<group>";
		};
		04DF934015B4B2F5007DADA6 /* XIB */ = {
			isa = PBXGroup;
			children = (
				04DF935115B4B8B3007DADA6 /* NativeViewController.xib */,
				04DF934115B4B2F5007DADA6 /* ViewController_iPad.xib */,
				04DF934215B4B2F5007DADA6 /* ViewController_iPhone.xib */,
				04DF934715B4B571007DADA6 /* WebViewController.xib */,
			);
			path = XIB;
			sourceTree = "<group>";
		};
/* End PBXGroup section */

/* Begin PBXNativeTarget section */
		0433E69315A870C500328501 /* bina */ = {
			isa = PBXNativeTarget;
			buildConfigurationList = 0433E6B515A870C500328501 /* Build configuration list for PBXNativeTarget "bina" */;
			buildPhases = (
				0433E69015A870C500328501 /* Sources */,
				0433E69115A870C500328501 /* Frameworks */,
				0433E69215A870C500328501 /* Resources */,
			);
			buildRules = (
			);
			dependencies = (
			);
			name = bina;
			productName = bina;
			productReference = 0433E69415A870C500328501 /* bina.app */;
			productType = "com.apple.product-type.application";
		};
/* End PBXNativeTarget section */

/* Begin PBXProject section */
		0433E68B15A870C500328501 /* Project object */ = {
			isa = PBXProject;
			attributes = {
				LastUpgradeCheck = 0430;
			};
			buildConfigurationList = 0433E68E15A870C500328501 /* Build configuration list for PBXProject "bina" */;
			compatibilityVersion = "Xcode 3.2";
			developmentRegion = English;
			hasScannedForEncodings = 0;
			knownRegions = (
				en,
			);
			mainGroup = 0433E68915A870C500328501;
			productRefGroup = 0433E69515A870C500328501 /* Products */;
			projectDirPath = "";
			projectRoot = "";
			targets = (
				0433E69315A870C500328501 /* bina */,
			);
		};
/* End PBXProject section */

/* Begin PBXResourcesBuildPhase section */
		0433E69215A870C500328501 /* Resources */ = {
			isa = PBXResourcesBuildPhase;
			buildActionMask = 2147483647;
			files = (
				0433E6A315A870C500328501 /* InfoPlist.strings in Resources */,
				04DF934315B4B2F5007DADA6 /* ViewController_iPad.xib in Resources */,
				04DF934415B4B2F5007DADA6 /* ViewController_iPhone.xib in Resources */,
				04DF935715B4BB88007DADA6 /* background.png in Resources */,
				04DF935815B4BB88007DADA6 /* brian.png in Resources */,
				04DF934615B4B3B3007DADA6 /* assets in Resources */,
				04DF934815B4B571007DADA6 /* WebViewController.xib in Resources */,
				04DF935215B4B8B3007DADA6 /* NativeViewController.xib in Resources */,
				04DF935415B4BA80007DADA6 /* artwork in Resources */,
			);
			runOnlyForDeploymentPostprocessing = 0;
		};
/* End PBXResourcesBuildPhase section */

/* Begin PBXSourcesBuildPhase section */
		0433E69015A870C500328501 /* Sources */ = {
			isa = PBXSourcesBuildPhase;
			buildActionMask = 2147483647;
			files = (
				0433E6A515A870C500328501 /* main.m in Sources */,
				0433E6A915A870C500328501 /* AppDelegate.m in Sources */,
				0433E6AC15A870C500328501 /* ViewController.m in Sources */,
				04DF934B15B4B591007DADA6 /* WebViewController.m in Sources */,
				04DF934F15B4B7E5007DADA6 /* NativeViewController.m in Sources */,
			);
			runOnlyForDeploymentPostprocessing = 0;
		};
/* End PBXSourcesBuildPhase section */

/* Begin PBXVariantGroup section */
		0433E6A115A870C500328501 /* InfoPlist.strings */ = {
			isa = PBXVariantGroup;
			children = (
				0433E6A215A870C500328501 /* en */,
			);
			name = InfoPlist.strings;
			sourceTree = "<group>";
		};
/* End PBXVariantGroup section */

/* Begin XCBuildConfiguration section */
		0433E6B315A870C500328501 /* Debug */ = {
			isa = XCBuildConfiguration;
			buildSettings = {
				ALWAYS_SEARCH_USER_PATHS = NO;
				ARCHS = "$(ARCHS_STANDARD_32_BIT)";
				"CODE_SIGN_IDENTITY[sdk=iphoneos*]" = "iPhone Developer";
				COPY_PHASE_STRIP = NO;
				GCC_C_LANGUAGE_STANDARD = gnu99;
				GCC_DYNAMIC_NO_PIC = NO;
				GCC_OPTIMIZATION_LEVEL = 0;
				GCC_PREPROCESSOR_DEFINITIONS = (
					"DEBUG=1",
					"$(inherited)",
				);
				GCC_SYMBOLS_PRIVATE_EXTERN = NO;
				GCC_VERSION = com.apple.compilers.llvm.clang.1_0;
				GCC_WARN_ABOUT_RETURN_TYPE = YES;
				GCC_WARN_UNINITIALIZED_AUTOS = YES;
				GCC_WARN_UNUSED_VARIABLE = YES;
				IPHONEOS_DEPLOYMENT_TARGET = 4.0;
				SDKROOT = iphoneos;
				TARGETED_DEVICE_FAMILY = "1,2";
			};
			name = Debug;
		};
		0433E6B415A870C500328501 /* Release */ = {
			isa = XCBuildConfiguration;
			buildSettings = {
				ALWAYS_SEARCH_USER_PATHS = NO;
				ARCHS = "$(ARCHS_STANDARD_32_BIT)";
				"CODE_SIGN_IDENTITY[sdk=iphoneos*]" = "iPhone Developer";
				COPY_PHASE_STRIP = YES;
				GCC_C_LANGUAGE_STANDARD = gnu99;
				GCC_VERSION = com.apple.compilers.llvm.clang.1_0;
				GCC_WARN_ABOUT_RETURN_TYPE = YES;
				GCC_WARN_UNINITIALIZED_AUTOS = YES;
				GCC_WARN_UNUSED_VARIABLE = YES;
				IPHONEOS_DEPLOYMENT_TARGET = 4.0;
				OTHER_CFLAGS = "-DNS_BLOCK_ASSERTIONS=1";
				SDKROOT = iphoneos;
				TARGETED_DEVICE_FAMILY = "1,2";
				VALIDATE_PRODUCT = YES;
			};
			name = Release;
		};
		0433E6B615A870C500328501 /* Debug */ = {
			isa = XCBuildConfiguration;
			buildSettings = {
				"CODE_SIGN_IDENTITY[sdk=iphoneos*]" = "iPhone Developer: Matthias ROUBEROL (BV34Z9E74R)";
				GCC_PRECOMPILE_PREFIX_HEADER = YES;
				GCC_PREFIX_HEADER = "bina/bina-Prefix.pch";
				INFOPLIST_FILE = "bina/bina-Info.plist";
				PRODUCT_NAME = "$(TARGET_NAME)";
				"PROVISIONING_PROFILE[sdk=iphoneos*]" = "70B13DA6-41CE-4A70-B084-22E33542FCD5";
				WRAPPER_EXTENSION = app;
			};
			name = Debug;
		};
		0433E6B715A870C500328501 /* Release */ = {
			isa = XCBuildConfiguration;
			buildSettings = {
				GCC_PRECOMPILE_PREFIX_HEADER = YES;
				GCC_PREFIX_HEADER = "bina/bina-Prefix.pch";
				INFOPLIST_FILE = "bina/bina-Info.plist";
				PRODUCT_NAME = "$(TARGET_NAME)";
				WRAPPER_EXTENSION = app;
			};
			name = Release;
		};
/* End XCBuildConfiguration section */

/* Begin XCConfigurationList section */
		0433E68E15A870C500328501 /* Build configuration list for PBXProject "bina" */ = {
			isa = XCConfigurationList;
			buildConfigurations = (
				0433E6B315A870C500328501 /* Debug */,
				0433E6B415A870C500328501 /* Release */,
			);
			defaultConfigurationIsVisible = 0;
			defaultConfigurationName = Release;
		};
		0433E6B515A870C500328501 /* Build configuration list for PBXNativeTarget "bina" */ = {
			isa = XCConfigurationList;
			buildConfigurations = (
				0433E6B615A870C500328501 /* Debug */,
				0433E6B715A870C500328501 /* Release */,
			);
			defaultConfigurationIsVisible = 0;
			defaultConfigurationName = Release;
		};
/* End XCConfigurationList section */
	};
	rootObject = 0433E68B15A870C500328501 /* Project object */;
}
